
Microsoft Visual Studio Solution File, Format Version 12.00
# Visual Studio Version 16
VisualStudioVersion = 16.0.30406.217
MinimumVisualStudioVersion = 10.0.40219.1
Project("{FAE04EC0-301F-11D3-BF4B-00C04F79EFBC}") = "APISampleWebSite", "APISampleWebSite\APISampleWebSite.csproj", "{8CDFEE34-9135-4A47-B420-79EA96BAF40F}"
EndProject
Project("{2150E333-8FDC-42A3-9474-1A3956D46DE8}") = ".nuget", ".nuget", "{654BD131-6D6D-486E-9925-3358904E0BA7}"
	ProjectSection(SolutionItems) = preProject
		.nuget\NuGet.Config = .nuget\NuGet.Config
		.nuget\NuGet.exe = .nuget\NuGet.exe
		.nuget\NuGet.targets = .nuget\NuGet.targets
	EndProjectSection
EndProject
Project("{FAE04EC0-301F-11D3-BF4B-00C04F79EFBC}") = "APISampleWinFormsApp", "APISampleWinFormsApp\APISampleWinFormsApp.csproj", "{D95D043C-EDAD-4122-BF9F-A5470C0B6450}"
EndProject
Global
	GlobalSection(SolutionConfigurationPlatforms) = preSolution
		Debug|Any CPU = Debug|Any CPU
		Release|Any CPU = Release|Any CPU
	EndGlobalSection
	GlobalSection(ProjectConfigurationPlatforms) = postSolution
		{8CDFEE34-9135-4A47-B420-79EA96BAF40F}.Debug|Any CPU.ActiveCfg = Debug|Any CPU
		{8CDFEE34-9135-4A47-B420-79EA96BAF40F}.Debug|Any CPU.Build.0 = Debug|Any CPU
		{8CDFEE34-9135-4A47-B420-79EA96BAF40F}.Release|Any CPU.ActiveCfg = Release|Any CPU
		{8CDFEE34-9135-4A47-B420-79EA96BAF40F}.Release|Any CPU.Build.0 = Release|Any CPU
		{D95D043C-EDAD-4122-BF9F-A5470C0B6450}.Debug|Any CPU.ActiveCfg = Debug|Any CPU
		{D95D043C-EDAD-4122-BF9F-A5470C0B6450}.Debug|Any CPU.Build.0 = Debug|Any CPU
		{D95D043C-EDAD-4122-BF9F-A5470C0B6450}.Release|Any CPU.ActiveCfg = Release|Any CPU
		{D95D043C-EDAD-4122-BF9F-A5470C0B6450}.Release|Any CPU.Build.0 = Release|Any CPU
	EndGlobalSection
	GlobalSection(SolutionProperties) = preSolution
		HideSolutionNode = FALSE
	EndGlobalSection
	GlobalSection(ExtensibilityGlobals) = postSolution
		SolutionGuid = {55DE145C-FB14-4546-9C5A-3CA110585643}
	EndGlobalSection
EndGlobal
